
Microsoft Visual Studio Solution File, Format Version 12.00
# Visual Studio Version 16
VisualStudioVersion = 16.0.29911.98
MinimumVisualStudioVersion = 10.0.40219.1
Project("{FAE04EC0-301F-11D3-BF4B-00C04F79EFBC}") = "RadioButtonPlayground.UWP", "RadioButtonPlayground\RadioButtonPlayground.UWP\RadioButtonPlayground.UWP.csproj", "{CE4B3124-5369-44CD-A183-87FB14E7035A}"
EndProject
Project("{FAE04EC0-301F-11D3-BF4B-00C04F79EFBC}") = "RadioButtonPlayground.Android", "RadioButtonPlayground\RadioButtonPlayground.Android\RadioButtonPlayground.Android.csproj", "{4D66778C-495F-4CFC-96B4-16562426478E}"
EndProject
Project("{FAE04EC0-301F-11D3-BF4B-00C04F79EFBC}") = "RadioButtonPlayground.iOS", "RadioButtonPlayground\RadioButtonPlayground.iOS\RadioButtonPlayground.iOS.csproj", "{C3798F5C-F864-4031-BFF0-FEAD8080670D}"
EndProject
Project("{FAE04EC0-301F-11D3-BF4B-00C04F79EFBC}") = "RadioButtonPlayground", "RadioButtonPlayground\RadioButtonPlayground\RadioButtonPlayground.csproj", "{2430AE9D-8427-483F-907A-F71B24E0208D}"
EndProject
Global
	GlobalSection(SolutionConfigurationPlatforms) = preSolution
		Debug|Any CPU = Debug|Any CPU
		Debug|ARM = Debug|ARM
		Debug|iPhone = Debug|iPhone
		Debug|iPhoneSimulator = Debug|iPhoneSimulator
		Debug|x64 = Debug|x64
		Debug|x86 = Debug|x86
		Release|Any CPU = Release|Any CPU
		Release|ARM = Release|ARM
		Release|iPhone = Release|iPhone
		Release|iPhoneSimulator = Release|iPhoneSimulator
		Release|x64 = Release|x64
		Release|x86 = Release|x86
	EndGlobalSection
	GlobalSection(ProjectConfigurationPlatforms) = postSolution
		{CE4B3124-5369-44CD-A183-87FB14E7035A}.Debug|Any CPU.ActiveCfg = Debug|x86
		{CE4B3124-5369-44CD-A183-87FB14E7035A}.Debug|Any CPU.Build.0 = Debug|x86
		{CE4B3124-5369-44CD-A183-87FB14E7035A}.Debug|Any CPU.Deploy.0 = Debug|x86
		{CE4B3124-5369-44CD-A183-87FB14E7035A}.Debug|ARM.ActiveCfg = Debug|ARM
		{CE4B3124-5369-44CD-A183-87FB14E7035A}.Debug|ARM.Build.0 = Debug|ARM
		{CE4B3124-5369-44CD-A183-87FB14E7035A}.Debug|ARM.Deploy.0 = Debug|ARM
		{CE4B3124-5369-44CD-A183-87FB14E7035A}.Debug|iPhone.ActiveCfg = Debug|x86
		{CE4B3124-5369-44CD-A183-87FB14E7035A}.Debug|iPhone.Build.0 = Debug|x86
		{CE4B3124-5369-44CD-A183-87FB14E7035A}.Debug|iPhone.Deploy.0 = Debug|x86
		{CE4B3124-5369-44CD-A183-87FB14E7035A}.Debug|iPhoneSimulator.ActiveCfg = Debug|x86
		{CE4B3124-5369-44CD-A183-87FB14E7035A}.Debug|iPhoneSimulator.Build.0 = Debug|x86
		{CE4B3124-5369-44CD-A183-87FB14E7035A}.Debug|iPhoneSimulator.Deploy.0 = Debug|x86
		{CE4B3124-5369-44CD-A183-87FB14E7035A}.Debug|x64.ActiveCfg = Debug|x64
		{CE4B3124-5369-44CD-A183-87FB14E7035A}.Debug|x64.Build.0 = Debug|x64
		{CE4B3124-5369-44CD-A183-87FB14E7035A}.Debug|x64.Deploy.0 = Debug|x64
		{CE4B3124-5369-44CD-A183-87FB14E7035A}.Debug|x86.ActiveCfg = Debug|x86
		{CE4B3124-5369-44CD-A183-87FB14E7035A}.Debug|x86.Build.0 = Debug|x86
		{CE4B3124-5369-44CD-A183-87FB14E7035A}.Debug|x86.Deploy.0 = Debug|x86
		{CE4B3124-5369-44CD-A183-87FB14E7035A}.Release|Any CPU.ActiveCfg = Release|x86
		{CE4B3124-5369-44CD-A183-87FB14E7035A}.Release|Any CPU.Build.0 = Release|x86
		{CE4B3124-5369-44CD-A183-87FB14E7035A}.Release|Any CPU.Deploy.0 = Release|x86
		{CE4B3124-5369-44CD-A183-87FB14E7035A}.Release|ARM.ActiveCfg = Release|ARM
		{CE4B3124-5369-44CD-A183-87FB14E7035A}.Release|ARM.Build.0 = Release|ARM
		{CE4B3124-5369-44CD-A183-87FB14E7035A}.Release|ARM.Deploy.0 = Release|ARM
		{CE4B3124-5369-44CD-A183-87FB14E7035A}.Release|iPhone.ActiveCfg = Release|x86
		{CE4B3124-5369-44CD-A183-87FB14E7035A}.Release|iPhone.Build.0 = Release|x86
		{CE4B3124-5369-44CD-A183-87FB14E7035A}.Release|iPhone.Deploy.0 = Release|x86
		{CE4B3124-5369-44CD-A183-87FB14E7035A}.Release|iPhoneSimulator.ActiveCfg = Release|x86
		{CE4B3124-5369-44CD-A183-87FB14E7035A}.Release|iPhoneSimulator.Build.0 = Release|x86
		{CE4B3124-5369-44CD-A183-87FB14E7035A}.Release|iPhoneSimulator.Deploy.0 = Release|x86
		{CE4B3124-5369-44CD-A183-87FB14E7035A}.Release|x64.ActiveCfg = Release|x64
		{CE4B3124-5369-44CD-A183-87FB14E7035A}.Release|x64.Build.0 = Release|x64
		{CE4B3124-5369-44CD-A183-87FB14E7035A}.Release|x64.Deploy.0 = Release|x64
		{CE4B3124-5369-44CD-A183-87FB14E7035A}.Release|x86.ActiveCfg = Release|x86
		{CE4B3124-5369-44CD-A183-87FB14E7035A}.Release|x86.Build.0 = Release|x86
		{CE4B3124-5369-44CD-A183-87FB14E7035A}.Release|x86.Deploy.0 = Release|x86
		{4D66778C-495F-4CFC-96B4-16562426478E}.Debug|Any CPU.ActiveCfg = Debug|Any CPU
		{4D66778C-495F-4CFC-96B4-16562426478E}.Debug|Any CPU.Build.0 = Debug|Any CPU
		{4D66778C-495F-4CFC-96B4-16562426478E}.Debug|Any CPU.Deploy.0 = Debug|Any CPU
		{4D66778C-495F-4CFC-96B4-16562426478E}.Debug|ARM.ActiveCfg = Debug|Any CPU
		{4D66778C-495F-4CFC-96B4-16562426478E}.Debug|ARM.Build.0 = Debug|Any CPU
		{4D66778C-495F-4CFC-96B4-16562426478E}.Debug|ARM.Deploy.0 = Debug|Any CPU
		{4D66778C-495F-4CFC-96B4-16562426478E}.Debug|iPhone.ActiveCfg = Debug|Any CPU
		{4D66778C-495F-4CFC-96B4-16562426478E}.Debug|iPhone.Build.0 = Debug|Any CPU
		{4D66778C-495F-4CFC-96B4-16562426478E}.Debug|iPhone.Deploy.0 = Debug|Any CPU
		{4D66778C-495F-4CFC-96B4-16562426478E}.Debug|iPhoneSimulator.ActiveCfg = Debug|Any CPU
		{4D66778C-495F-4CFC-96B4-16562426478E}.Debug|iPhoneSimulator.Build.0 = Debug|Any CPU
		{4D66778C-495F-4CFC-96B4-16562426478E}.Debug|iPhoneSimulator.Deploy.0 = Debug|Any CPU
		{4D66778C-495F-4CFC-96B4-16562426478E}.Debug|x64.ActiveCfg = Debug|Any CPU
		{4D66778C-495F-4CFC-96B4-16562426478E}.Debug|x64.Build.0 = Debug|Any CPU
		{4D66778C-495F-4CFC-96B4-16562426478E}.Debug|x64.Deploy.0 = Debug|Any CPU
		{4D66778C-495F-4CFC-96B4-16562426478E}.Debug|x86.ActiveCfg = Debug|Any CPU
		{4D66778C-495F-4CFC-96B4-16562426478E}.Debug|x86.Build.0 = Debug|Any CPU
		{4D66778C-495F-4CFC-96B4-16562426478E}.Debug|x86.Deploy.0 = Debug|Any CPU
		{4D66778C-495F-4CFC-96B4-16562426478E}.Release|Any CPU.ActiveCfg = Release|Any CPU
		{4D66778C-495F-4CFC-96B4-16562426478E}.Release|Any CPU.Build.0 = Release|Any CPU
		{4D66778C-495F-4CFC-96B4-16562426478E}.Release|Any CPU.Deploy.0 = Release|Any CPU
		{4D66778C-495F-4CFC-96B4-16562426478E}.Release|ARM.ActiveCfg = Release|Any CPU
		{4D66778C-495F-4CFC-96B4-16562426478E}.Release|ARM.Build.0 = Release|Any CPU
		{4D66778C-495F-4CFC-96B4-16562426478E}.Release|ARM.Deploy.0 = Release|Any CPU
		{4D66778C-495F-4CFC-96B4-16562426478E}.Release|iPhone.ActiveCfg = Release|Any CPU
		{4D66778C-495F-4CFC-96B4-16562426478E}.Release|iPhone.Build.0 = Release|Any CPU
		{4D66778C-495F-4CFC-96B4-16562426478E}.Release|iPhone.Deploy.0 = Release|Any CPU
		{4D66778C-495F-4CFC-96B4-16562426478E}.Release|iPhoneSimulator.ActiveCfg = Release|Any CPU
		{4D66778C-495F-4CFC-96B4-16562426478E}.Release|iPhoneSimulator.Build.0 = Release|Any CPU
		{4D66778C-495F-4CFC-96B4-16562426478E}.Release|iPhoneSimulator.Deploy.0 = Release|Any CPU
		{4D66778C-495F-4CFC-96B4-16562426478E}.Release|x64.ActiveCfg = Release|Any CPU
		{4D66778C-495F-4CFC-96B4-16562426478E}.Release|x64.Build.0 = Release|Any CPU
		{4D66778C-495F-4CFC-96B4-16562426478E}.Release|x64.Deploy.0 = Release|Any CPU
		{4D66778C-495F-4CFC-96B4-16562426478E}.Release|x86.ActiveCfg = Release|Any CPU
		{4D66778C-495F-4CFC-96B4-16562426478E}.Release|x86.Build.0 = Release|Any CPU
		{4D66778C-495F-4CFC-96B4-16562426478E}.Release|x86.Deploy.0 = Release|Any CPU
		{C3798F5C-F864-4031-BFF0-FEAD8080670D}.Debug|Any CPU.ActiveCfg = Debug|iPhone
		{C3798F5C-F864-4031-BFF0-FEAD8080670D}.Debug|Any CPU.Build.0 = Debug|iPhone
		{C3798F5C-F864-4031-BFF0-FEAD8080670D}.Debug|Any CPU.Deploy.0 = Debug|iPhone
		{C3798F5C-F864-4031-BFF0-FEAD8080670D}.Debug|ARM.ActiveCfg = Debug|iPhone
		{C3798F5C-F864-4031-BFF0-FEAD8080670D}.Debug|ARM.Build.0 = Debug|iPhone
		{C3798F5C-F864-4031-BFF0-FEAD8080670D}.Debug|ARM.Deploy.0 = Debug|iPhone
		{C3798F5C-F864-4031-BFF0-FEAD8080670D}.Debug|iPhone.ActiveCfg = Debug|iPhone
		{C3798F5C-F864-4031-BFF0-FEAD8080670D}.Debug|iPhone.Build.0 = Debug|iPhone
		{C3798F5C-F864-4031-BFF0-FEAD8080670D}.Debug|iPhone.Deploy.0 = Debug|iPhone
		{C3798F5C-F864-4031-BFF0-FEAD8080670D}.Debug|iPhoneSimulator.ActiveCfg = Debug|iPhoneSimulator
		{C3798F5C-F864-4031-BFF0-FEAD8080670D}.Debug|iPhoneSimulator.Build.0 = Debug|iPhoneSimulator
		{C3798F5C-F864-4031-BFF0-FEAD8080670D}.Debug|iPhoneSimulator.Deploy.0 = Debug|iPhoneSimulator
		{C3798F5C-F864-4031-BFF0-FEAD8080670D}.Debug|x64.ActiveCfg = Debug|iPhone
		{C3798F5C-F864-4031-BFF0-FEAD8080670D}.Debug|x64.Build.0 = Debug|iPhone
		{C3798F5C-F864-4031-BFF0-FEAD8080670D}.Debug|x64.Deploy.0 = Debug|iPhone
		{C3798F5C-F864-4031-BFF0-FEAD8080670D}.Debug|x86.ActiveCfg = Debug|iPhone
		{C3798F5C-F864-4031-BFF0-FEAD8080670D}.Debug|x86.Build.0 = Debug|iPhone
		{C3798F5C-F864-4031-BFF0-FEAD8080670D}.Debug|x86.Deploy.0 = Debug|iPhone
		{C3798F5C-F864-4031-BFF0-FEAD8080670D}.Release|Any CPU.ActiveCfg = Release|iPhone
		{C3798F5C-F864-4031-BFF0-FEAD8080670D}.Release|Any CPU.Build.0 = Release|iPhone
		{C3798F5C-F864-4031-BFF0-FEAD8080670D}.Release|Any CPU.Deploy.0 = Release|iPhone
		{C3798F5C-F864-4031-BFF0-FEAD8080670D}.Release|ARM.ActiveCfg = Release|iPhone
		{C3798F5C-F864-4031-BFF0-FEAD8080670D}.Release|ARM.Build.0 = Release|iPhone
		{C3798F5C-F864-4031-BFF0-FEAD8080670D}.Release|ARM.Deploy.0 = Release|iPhone
		{C3798F5C-F864-4031-BFF0-FEAD8080670D}.Release|iPhone.ActiveCfg = Release|iPhone
		{C3798F5C-F864-4031-BFF0-FEAD8080670D}.Release|iPhone.Build.0 = Release|iPhone
		{C3798F5C-F864-4031-BFF0-FEAD8080670D}.Release|iPhone.Deploy.0 = Release|iPhone
		{C3798F5C-F864-4031-BFF0-FEAD8080670D}.Release|iPhoneSimulator.ActiveCfg = Release|iPhoneSimulator
		{C3798F5C-F864-4031-BFF0-FEAD8080670D}.Release|iPhoneSimulator.Build.0 = Release|iPhoneSimulator
		{C3798F5C-F864-4031-BFF0-FEAD8080670D}.Release|iPhoneSimulator.Deploy.0 = Release|iPhoneSimulator
		{C3798F5C-F864-4031-BFF0-FEAD8080670D}.Release|x64.ActiveCfg = Release|iPhone
		{C3798F5C-F864-4031-BFF0-FEAD8080670D}.Release|x64.Build.0 = Release|iPhone
		{C3798F5C-F864-4031-BFF0-FEAD8080670D}.Release|x64.Deploy.0 = Release|iPhone
		{C3798F5C-F864-4031-BFF0-FEAD8080670D}.Release|x86.ActiveCfg = Release|iPhone
		{C3798F5C-F864-4031-BFF0-FEAD8080670D}.Release|x86.Build.0 = Release|iPhone
		{C3798F5C-F864-4031-BFF0-FEAD8080670D}.Release|x86.Deploy.0 = Release|iPhone
		{2430AE9D-8427-483F-907A-F71B24E0208D}.Debug|Any CPU.ActiveCfg = Debug|Any CPU
		{2430AE9D-8427-483F-907A-F71B24E0208D}.Debug|Any CPU.Build.0 = Debug|Any CPU
		{2430AE9D-8427-483F-907A-F71B24E0208D}.Debug|Any CPU.Deploy.0 = Debug|Any CPU
		{2430AE9D-8427-483F-907A-F71B24E0208D}.Debug|ARM.ActiveCfg = Debug|Any CPU
		{2430AE9D-8427-483F-907A-F71B24E0208D}.Debug|ARM.Build.0 = Debug|Any CPU
		{2430AE9D-8427-483F-907A-F71B24E0208D}.Debug|ARM.Deploy.0 = Debug|Any CPU
		{2430AE9D-8427-483F-907A-F71B24E0208D}.Debug|iPhone.ActiveCfg = Debug|Any CPU
		{2430AE9D-8427-483F-907A-F71B24E0208D}.Debug|iPhone.Build.0 = Debug|Any CPU
		{2430AE9D-8427-483F-907A-F71B24E0208D}.Debug|iPhone.Deploy.0 = Debug|Any CPU
		{2430AE9D-8427-483F-907A-F71B24E0208D}.Debug|iPhoneSimulator.ActiveCfg = Debug|Any CPU
		{2430AE9D-8427-483F-907A-F71B24E0208D}.Debug|iPhoneSimulator.Build.0 = Debug|Any CPU
		{2430AE9D-8427-483F-907A-F71B24E0208D}.Debug|iPhoneSimulator.Deploy.0 = Debug|Any CPU
		{2430AE9D-8427-483F-907A-F71B24E0208D}.Debug|x64.ActiveCfg = Debug|Any CPU
		{2430AE9D-8427-483F-907A-F71B24E0208D}.Debug|x64.Build.0 = Debug|Any CPU
		{2430AE9D-8427-483F-907A-F71B24E0208D}.Debug|x64.Deploy.0 = Debug|Any CPU
		{2430AE9D-8427-483F-907A-F71B24E0208D}.Debug|x86.ActiveCfg = Debug|Any CPU
		{2430AE9D-8427-483F-907A-F71B24E0208D}.Debug|x86.Build.0 = Debug|Any CPU
		{2430AE9D-8427-483F-907A-F71B24E0208D}.Debug|x86.Deploy.0 = Debug|Any CPU
		{2430AE9D-8427-483F-907A-F71B24E0208D}.Release|Any CPU.ActiveCfg = Release|Any CPU
		{2430AE9D-8427-483F-907A-F71B24E0208D}.Release|Any CPU.Build.0 = Release|Any CPU
		{2430AE9D-8427-483F-907A-F71B24E0208D}.Release|Any CPU.Deploy.0 = Release|Any CPU
		{2430AE9D-8427-483F-907A-F71B24E0208D}.Release|ARM.ActiveCfg = Release|Any CPU
		{2430AE9D-8427-483F-907A-F71B24E0208D}.Release|ARM.Build.0 = Release|Any CPU
		{2430AE9D-8427-483F-907A-F71B24E0208D}.Release|ARM.Deploy.0 = Release|Any CPU
		{2430AE9D-8427-483F-907A-F71B24E0208D}.Release|iPhone.ActiveCfg = Release|Any CPU
		{2430AE9D-8427-483F-907A-F71B24E0208D}.Release|iPhone.Build.0 = Release|Any CPU
		{2430AE9D-8427-483F-907A-F71B24E0208D}.Release|iPhone.Deploy.0 = Release|Any CPU
		{2430AE9D-8427-483F-907A-F71B24E0208D}.Release|iPhoneSimulator.ActiveCfg = Release|Any CPU
		{2430AE9D-8427-483F-907A-F71B24E0208D}.Release|iPhoneSimulator.Build.0 = Release|Any CPU
		{2430AE9D-8427-483F-907A-F71B24E0208D}.Release|iPhoneSimulator.Deploy.0 = Release|Any CPU
		{2430AE9D-8427-483F-907A-F71B24E0208D}.Release|x64.ActiveCfg = Release|Any CPU
		{2430AE9D-8427-483F-907A-F71B24E0208D}.Release|x64.Build.0 = Release|Any CPU
		{2430AE9D-8427-483F-907A-F71B24E0208D}.Release|x64.Deploy.0 = Release|Any CPU
		{2430AE9D-8427-483F-907A-F71B24E0208D}.Release|x86.ActiveCfg = Release|Any CPU
		{2430AE9D-8427-483F-907A-F71B24E0208D}.Release|x86.Build.0 = Release|Any CPU
		{2430AE9D-8427-483F-907A-F71B24E0208D}.Release|x86.Deploy.0 = Release|Any CPU
	EndGlobalSection
	GlobalSection(SolutionProperties) = preSolution
		HideSolutionNode = FALSE
	EndGlobalSection
	GlobalSection(ExtensibilityGlobals) = postSolution
		SolutionGuid = {471B8D52-9DD4-4B89-95E6-3C8F26253D08}
	EndGlobalSection
EndGlobal
